
Microsoft Visual Studio Solution File, Format Version 12.00
# Visual Studio Version 16
VisualStudioVersion = 16.0.31205.134
MinimumVisualStudioVersion = 10.0.40219.1
Project("{FAE04EC0-301F-11D3-BF4B-00C04F79EFBC}") = "StringFunctions", "StringFunctions\StringFunctions.csproj", "{5602456C-3988-4FC6-A445-D3B5FE8E9FDB}"
EndProject
Global
	GlobalSection(SolutionConfigurationPlatforms) = preSolution
		Debug|Any CPU = Debug|Any CPU
		Release|Any CPU = Release|Any CPU
	EndGlobalSection
	GlobalSection(ProjectConfigurationPlatforms) = postSolution
		{5602456C-3988-4FC6-A445-D3B5FE8E9FDB}.Debug|Any CPU.ActiveCfg = Debug|Any CPU
		{5602456C-3988-4FC6-A445-D3B5FE8E9FDB}.Debug|Any CPU.Build.0 = Debug|Any CPU
		{5602456C-3988-4FC6-A445-D3B5FE8E9FDB}.Release|Any CPU.ActiveCfg = Release|Any CPU
		{5602456C-3988-4FC6-A445-D3B5FE8E9FDB}.Release|Any CPU.Build.0 = Release|Any CPU
	EndGlobalSection
	GlobalSection(SolutionProperties) = preSolution
		HideSolutionNode = FALSE
	EndGlobalSection
	GlobalSection(ExtensibilityGlobals) = postSolution
		SolutionGuid = {D9CFF590-BC90-40F3-8643-03D0387927BE}
	EndGlobalSection
EndGlobal
