
Microsoft Visual Studio Solution File, Format Version 12.00
# Visual Studio Version 16
VisualStudioVersion = 16.0.31205.134
MinimumVisualStudioVersion = 10.0.40219.1
Project("{FAE04EC0-301F-11D3-BF4B-00C04F79EFBC}") = "StringsAndIntegersAssignment", "StringsAndIntegersAssignment\StringsAndIntegersAssignment.csproj", "{D3DD36FD-1359-4F5A-AA74-AD96E678F838}"
EndProject
Global
	GlobalSection(SolutionConfigurationPlatforms) = preSolution
		Debug|Any CPU = Debug|Any CPU
		Release|Any CPU = Release|Any CPU
	EndGlobalSection
	GlobalSection(ProjectConfigurationPlatforms) = postSolution
		{D3DD36FD-1359-4F5A-AA74-AD96E678F838}.Debug|Any CPU.ActiveCfg = Debug|Any CPU
		{D3DD36FD-1359-4F5A-AA74-AD96E678F838}.Debug|Any CPU.Build.0 = Debug|Any CPU
		{D3DD36FD-1359-4F5A-AA74-AD96E678F838}.Release|Any CPU.ActiveCfg = Release|Any CPU
		{D3DD36FD-1359-4F5A-AA74-AD96E678F838}.Release|Any CPU.Build.0 = Release|Any CPU
	EndGlobalSection
	GlobalSection(SolutionProperties) = preSolution
		HideSolutionNode = FALSE
	EndGlobalSection
	GlobalSection(ExtensibilityGlobals) = postSolution
		SolutionGuid = {3F7778B3-7B82-4BC3-94BB-0304098EBEFF}
	EndGlobalSection
EndGlobal
