
Microsoft Visual Studio Solution File, Format Version 12.00
# Visual Studio Version 16
VisualStudioVersion = 16.0.31205.134
MinimumVisualStudioVersion = 10.0.40219.1
Project("{FAE04EC0-301F-11D3-BF4B-00C04F79EFBC}") = "AmonymousIncomeComparison", "AmonymousIncomeComparison\AmonymousIncomeComparison.csproj", "{DD026B5B-4391-4AAC-ADF8-671D928CD9ED}"
EndProject
Global
	GlobalSection(SolutionConfigurationPlatforms) = preSolution
		Debug|Any CPU = Debug|Any CPU
		Release|Any CPU = Release|Any CPU
	EndGlobalSection
	GlobalSection(ProjectConfigurationPlatforms) = postSolution
		{DD026B5B-4391-4AAC-ADF8-671D928CD9ED}.Debug|Any CPU.ActiveCfg = Debug|Any CPU
		{DD026B5B-4391-4AAC-ADF8-671D928CD9ED}.Debug|Any CPU.Build.0 = Debug|Any CPU
		{DD026B5B-4391-4AAC-ADF8-671D928CD9ED}.Release|Any CPU.ActiveCfg = Release|Any CPU
		{DD026B5B-4391-4AAC-ADF8-671D928CD9ED}.Release|Any CPU.Build.0 = Release|Any CPU
	EndGlobalSection
	GlobalSection(SolutionProperties) = preSolution
		HideSolutionNode = FALSE
	EndGlobalSection
	GlobalSection(ExtensibilityGlobals) = postSolution
		SolutionGuid = {F850E51D-0F51-44FB-83F3-069DBB1F96A2}
	EndGlobalSection
EndGlobal
