
Microsoft Visual Studio Solution File, Format Version 12.00
# Visual Studio Version 16
VisualStudioVersion = 16.0.31205.134
MinimumVisualStudioVersion = 10.0.40219.1
Project("{FAE04EC0-301F-11D3-BF4B-00C04F79EFBC}") = "UserInputOperations", "UserInputOperations\UserInputOperations.csproj", "{2F65BB14-34DB-4282-9940-056E1A09C479}"
EndProject
Global
	GlobalSection(SolutionConfigurationPlatforms) = preSolution
		Debug|Any CPU = Debug|Any CPU
		Release|Any CPU = Release|Any CPU
	EndGlobalSection
	GlobalSection(ProjectConfigurationPlatforms) = postSolution
		{2F65BB14-34DB-4282-9940-056E1A09C479}.Debug|Any CPU.ActiveCfg = Debug|Any CPU
		{2F65BB14-34DB-4282-9940-056E1A09C479}.Debug|Any CPU.Build.0 = Debug|Any CPU
		{2F65BB14-34DB-4282-9940-056E1A09C479}.Release|Any CPU.ActiveCfg = Release|Any CPU
		{2F65BB14-34DB-4282-9940-056E1A09C479}.Release|Any CPU.Build.0 = Release|Any CPU
	EndGlobalSection
	GlobalSection(SolutionProperties) = preSolution
		HideSolutionNode = FALSE
	EndGlobalSection
	GlobalSection(ExtensibilityGlobals) = postSolution
		SolutionGuid = {856F1632-9CA9-4C5A-83EB-A2FF92D0A699}
	EndGlobalSection
EndGlobal
