
Microsoft Visual Studio Solution File, Format Version 12.00
# Visual Studio Version 16
VisualStudioVersion = 16.0.31205.134
MinimumVisualStudioVersion = 10.0.40219.1
Project("{FAE04EC0-301F-11D3-BF4B-00C04F79EFBC}") = "MyTwentyOne", "MyTwentyOne\MyTwentyOne.csproj", "{754508D6-F0FB-4925-98DA-0DEE3B2A565F}"
EndProject
Project("{FAE04EC0-301F-11D3-BF4B-00C04F79EFBC}") = "Casino", "Casino\Casino.csproj", "{383068C5-AA52-4128-B386-F66B69E853C0}"
EndProject
Global
	GlobalSection(SolutionConfigurationPlatforms) = preSolution
		Debug|Any CPU = Debug|Any CPU
		Release|Any CPU = Release|Any CPU
	EndGlobalSection
	GlobalSection(ProjectConfigurationPlatforms) = postSolution
		{754508D6-F0FB-4925-98DA-0DEE3B2A565F}.Debug|Any CPU.ActiveCfg = Debug|Any CPU
		{754508D6-F0FB-4925-98DA-0DEE3B2A565F}.Debug|Any CPU.Build.0 = Debug|Any CPU
		{754508D6-F0FB-4925-98DA-0DEE3B2A565F}.Release|Any CPU.ActiveCfg = Release|Any CPU
		{754508D6-F0FB-4925-98DA-0DEE3B2A565F}.Release|Any CPU.Build.0 = Release|Any CPU
		{383068C5-AA52-4128-B386-F66B69E853C0}.Debug|Any CPU.ActiveCfg = Debug|Any CPU
		{383068C5-AA52-4128-B386-F66B69E853C0}.Debug|Any CPU.Build.0 = Debug|Any CPU
		{383068C5-AA52-4128-B386-F66B69E853C0}.Release|Any CPU.ActiveCfg = Release|Any CPU
		{383068C5-AA52-4128-B386-F66B69E853C0}.Release|Any CPU.Build.0 = Release|Any CPU
	EndGlobalSection
	GlobalSection(SolutionProperties) = preSolution
		HideSolutionNode = FALSE
	EndGlobalSection
	GlobalSection(ExtensibilityGlobals) = postSolution
		SolutionGuid = {AC13AD29-EF96-4230-BB7C-B4DC4E76567F}
	EndGlobalSection
EndGlobal
