
Microsoft Visual Studio Solution File, Format Version 12.00
# Visual Studio Version 16
VisualStudioVersion = 16.0.31205.134
MinimumVisualStudioVersion = 10.0.40219.1
Project("{FAE04EC0-301F-11D3-BF4B-00C04F79EFBC}") = "BooleanLogicAssigment", "BooleanLogicAssigment\BooleanLogicAssigment.csproj", "{EDF21B8C-40A6-429D-8BDD-C51BC540E25B}"
EndProject
Global
	GlobalSection(SolutionConfigurationPlatforms) = preSolution
		Debug|Any CPU = Debug|Any CPU
		Release|Any CPU = Release|Any CPU
	EndGlobalSection
	GlobalSection(ProjectConfigurationPlatforms) = postSolution
		{EDF21B8C-40A6-429D-8BDD-C51BC540E25B}.Debug|Any CPU.ActiveCfg = Debug|Any CPU
		{EDF21B8C-40A6-429D-8BDD-C51BC540E25B}.Debug|Any CPU.Build.0 = Debug|Any CPU
		{EDF21B8C-40A6-429D-8BDD-C51BC540E25B}.Release|Any CPU.ActiveCfg = Release|Any CPU
		{EDF21B8C-40A6-429D-8BDD-C51BC540E25B}.Release|Any CPU.Build.0 = Release|Any CPU
	EndGlobalSection
	GlobalSection(SolutionProperties) = preSolution
		HideSolutionNode = FALSE
	EndGlobalSection
	GlobalSection(ExtensibilityGlobals) = postSolution
		SolutionGuid = {B2F2D194-2C8B-41C0-B2A7-EDE1433D5859}
	EndGlobalSection
EndGlobal
