
Microsoft Visual Studio Solution File, Format Version 12.00
# Visual Studio Version 16
VisualStudioVersion = 16.0.31205.134
MinimumVisualStudioVersion = 10.0.40219.1
Project("{FAE04EC0-301F-11D3-BF4B-00C04F79EFBC}") = "Iteration", "Iteration\Iteration.csproj", "{8A328A22-9F55-4E80-B95F-E603314A3913}"
EndProject
Global
	GlobalSection(SolutionConfigurationPlatforms) = preSolution
		Debug|Any CPU = Debug|Any CPU
		Release|Any CPU = Release|Any CPU
	EndGlobalSection
	GlobalSection(ProjectConfigurationPlatforms) = postSolution
		{8A328A22-9F55-4E80-B95F-E603314A3913}.Debug|Any CPU.ActiveCfg = Debug|Any CPU
		{8A328A22-9F55-4E80-B95F-E603314A3913}.Debug|Any CPU.Build.0 = Debug|Any CPU
		{8A328A22-9F55-4E80-B95F-E603314A3913}.Release|Any CPU.ActiveCfg = Release|Any CPU
		{8A328A22-9F55-4E80-B95F-E603314A3913}.Release|Any CPU.Build.0 = Release|Any CPU
	EndGlobalSection
	GlobalSection(SolutionProperties) = preSolution
		HideSolutionNode = FALSE
	EndGlobalSection
	GlobalSection(ExtensibilityGlobals) = postSolution
		SolutionGuid = {60C2A5B0-D21B-4B7C-8806-96C1DD78F691}
	EndGlobalSection
EndGlobal
